
Microsoft Visual Studio Solution File, Format Version 12.00
# Visual Studio Version 16
VisualStudioVersion = 16.0.34114.132
MinimumVisualStudioVersion = 10.0.40219.1
Project("{888888A0-9F3D-457C-B088-3A5042F75D52}") = "PythonApplicationProject", "PythonApplicationProject\PythonApplicationProject.pyproj", "{BD344591-99BD-42B7-85FB-73AFDA0EA11B}"
EndProject
Global
	GlobalSection(SolutionConfigurationPlatforms) = preSolution
		Debug|Any CPU = Debug|Any CPU
		Release|Any CPU = Release|Any CPU
	EndGlobalSection
	GlobalSection(ProjectConfigurationPlatforms) = postSolution
		{BD344591-99BD-42B7-85FB-73AFDA0EA11B}.Debug|Any CPU.ActiveCfg = Debug|Any CPU
		{BD344591-99BD-42B7-85FB-73AFDA0EA11B}.Release|Any CPU.ActiveCfg = Release|Any CPU
	EndGlobalSection
	GlobalSection(SolutionProperties) = preSolution
		HideSolutionNode = FALSE
	EndGlobalSection
	GlobalSection(ExtensibilityGlobals) = postSolution
		SolutionGuid = {4C43B07E-D275-421C-8755-AC991D639263}
	EndGlobalSection
EndGlobal
