
Microsoft Visual Studio Solution File, Format Version 12.00
# Visual Studio Version 16
VisualStudioVersion = 16.0.34114.132
MinimumVisualStudioVersion = 10.0.40219.1
Project("{888888A0-9F3D-457C-B088-3A5042F75D52}") = "List Project", "List Project\List Project.pyproj", "{22262D62-C7C9-4367-BBEC-0929339485EE}"
EndProject
Global
	GlobalSection(SolutionConfigurationPlatforms) = preSolution
		Debug|Any CPU = Debug|Any CPU
		Release|Any CPU = Release|Any CPU
	EndGlobalSection
	GlobalSection(ProjectConfigurationPlatforms) = postSolution
		{22262D62-C7C9-4367-BBEC-0929339485EE}.Debug|Any CPU.ActiveCfg = Debug|Any CPU
		{22262D62-C7C9-4367-BBEC-0929339485EE}.Release|Any CPU.ActiveCfg = Release|Any CPU
	EndGlobalSection
	GlobalSection(SolutionProperties) = preSolution
		HideSolutionNode = FALSE
	EndGlobalSection
	GlobalSection(ExtensibilityGlobals) = postSolution
		SolutionGuid = {8028DE0B-DD69-4E46-8475-EBAC62A39F6C}
	EndGlobalSection
EndGlobal
